// !$*UTF8*$!
{
	archiveVersion = 1;
	classes = {
	};
	objectVersion = 46;
	objects = {

/* Begin PBXBuildFile section */
		5C8B34A71AE39FF4005FAA79 /* AppDelegate.swift in Sources */ = {isa = PBXBuildFile; fileRef = 5C8B34A61AE39FF4005FAA79 /* AppDelegate.swift */; };
		5C8B34A91AE39FF4005FAA79 /* ViewController.swift in Sources */ = {isa = PBXBuildFile; fileRef = 5C8B34A81AE39FF4005FAA79 /* ViewController.swift */; };
		5C8B34AC1AE39FF4005FAA79 /* Main.storyboard in Resources */ = {isa = PBXBuildFile; fileRef = 5C8B34AA1AE39FF4005FAA79 /* Main.storyboard */; };
		5C8B34AE1AE39FF4005FAA79 /* Images.xcassets in Resources */ = {isa = PBXBuildFile; fileRef = 5C8B34AD1AE39FF4005FAA79 /* Images.xcassets */; };
		5C8B34B11AE39FF4005FAA79 /* LaunchScreen.xib in Resources */ = {isa = PBXBuildFile; fileRef = 5C8B34AF1AE39FF4005FAA79 /* LaunchScreen.xib */; };
		5C8B34BD1AE39FF4005FAA79 /* SwipePagerTests.swift in Sources */ = {isa = PBXBuildFile; fileRef = 5C8B34BC1AE39FF4005FAA79 /* SwipePagerTests.swift */; };
		5C8B34C81AE3A326005FAA79 /* SwipePager.swift in Sources */ = {isa = PBXBuildFile; fileRef = 5C8B34C71AE3A326005FAA79 /* SwipePager.swift */; };
/* End PBXBuildFile section */

/* Begin PBXContainerItemProxy section */
		5C8B34B71AE39FF4005FAA79 /* PBXContainerItemProxy */ = {
			isa = PBXContainerItemProxy;
			containerPortal = 5C8B34991AE39FF4005FAA79 /* Project object */;
			proxyType = 1;
			remoteGlobalIDString = 5C8B34A01AE39FF4005FAA79;
			remoteInfo = SwipePager;
		};
/* End PBXContainerItemProxy section */

/* Begin PBXFileReference section */
		5C8B34A11AE39FF4005FAA79 /* SwipePager.app */ = {isa = PBXFileReference; explicitFileType = wrapper.application; includeInIndex = 0; path = SwipePager.app; sourceTree = BUILT_PRODUCTS_DIR; };
		5C8B34A51AE39FF4005FAA79 /* Info.plist */ = {isa = PBXFileReference; lastKnownFileType = text.plist.xml; path = Info.plist; sourceTree = "<group>"; };
		5C8B34A61AE39FF4005FAA79 /* AppDelegate.swift */ = {isa = PBXFileReference; lastKnownFileType = sourcecode.swift; path = AppDelegate.swift; sourceTree = "<group>"; };
		5C8B34A81AE39FF4005FAA79 /* ViewController.swift */ = {isa = PBXFileReference; lastKnownFileType = sourcecode.swift; path = ViewController.swift; sourceTree = "<group>"; };
		5C8B34AB1AE39FF4005FAA79 /* Base */ = {isa = PBXFileReference; lastKnownFileType = file.storyboard; name = Base; path = Base.lproj/Main.storyboard; sourceTree = "<group>"; };
		5C8B34AD1AE39FF4005FAA79 /* Images.xcassets */ = {isa = PBXFileReference; lastKnownFileType = folder.assetcatalog; path = Images.xcassets; sourceTree = "<group>"; };
		5C8B34B01AE39FF4005FAA79 /* Base */ = {isa = PBXFileReference; lastKnownFileType = file.xib; name = Base; path = Base.lproj/LaunchScreen.xib; sourceTree = "<group>"; };
		5C8B34B61AE39FF4005FAA79 /* SwipePagerTests.xctest */ = {isa = PBXFileReference; explicitFileType = wrapper.cfbundle; includeInIndex = 0; path = SwipePagerTests.xctest; sourceTree = BUILT_PRODUCTS_DIR; };
		5C8B34BB1AE39FF4005FAA79 /* Info.plist */ = {isa = PBXFileReference; lastKnownFileType = text.plist.xml; path = Info.plist; sourceTree = "<group>"; };
		5C8B34BC1AE39FF4005FAA79 /* SwipePagerTests.swift */ = {isa = PBXFileReference; lastKnownFileType = sourcecode.swift; path = SwipePagerTests.swift; sourceTree = "<group>"; };
		5C8B34C71AE3A326005FAA79 /* SwipePager.swift */ = {isa = PBXFileReference; fileEncoding = 4; lastKnownFileType = sourcecode.swift; path = SwipePager.swift; sourceTree = "<group>"; };
/* End PBXFileReference section */

/* Begin PBXFrameworksBuildPhase section */
		5C8B349E1AE39FF4005FAA79 /* Frameworks */ = {
			isa = PBXFrameworksBuildPhase;
			buildActionMask = 2147483647;
			files = (
			);
			runOnlyForDeploymentPostprocessing = 0;
		};
		5C8B34B31AE39FF4005FAA79 /* Frameworks */ = {
			isa = PBXFrameworksBuildPhase;
			buildActionMask = 2147483647;
			files = (
			);
			runOnlyForDeploymentPostprocessing = 0;
		};
/* End PBXFrameworksBuildPhase section */

/* Begin PBXGroup section */
		5C8B34981AE39FF4005FAA79 = {
			isa = PBXGroup;
			children = (
				5C8B34C61AE3A2EC005FAA79 /* Source */,
				5C8B34A31AE39FF4005FAA79 /* SwipePager */,
				5C8B34B91AE39FF4005FAA79 /* SwipePagerTests */,
				5C8B34A21AE39FF4005FAA79 /* Products */,
			);
			sourceTree = "<group>";
		};
		5C8B34A21AE39FF4005FAA79 /* Products */ = {
			isa = PBXGroup;
			children = (
				5C8B34A11AE39FF4005FAA79 /* SwipePager.app */,
				5C8B34B61AE39FF4005FAA79 /* SwipePagerTests.xctest */,
			);
			name = Products;
			sourceTree = "<group>";
		};
		5C8B34A31AE39FF4005FAA79 /* SwipePager */ = {
			isa = PBXGroup;
			children = (
				5C8B34A61AE39FF4005FAA79 /* AppDelegate.swift */,
				5C8B34A81AE39FF4005FAA79 /* ViewController.swift */,
				5C8B34AA1AE39FF4005FAA79 /* Main.storyboard */,
				5C8B34AD1AE39FF4005FAA79 /* Images.xcassets */,
				5C8B34AF1AE39FF4005FAA79 /* LaunchScreen.xib */,
				5C8B34A41AE39FF4005FAA79 /* Supporting Files */,
			);
			path = SwipePager;
			sourceTree = "<group>";
		};
		5C8B34A41AE39FF4005FAA79 /* Supporting Files */ = {
			isa = PBXGroup;
			children = (
				5C8B34A51AE39FF4005FAA79 /* Info.plist */,
			);
			name = "Supporting Files";
			sourceTree = "<group>";
		};
		5C8B34B91AE39FF4005FAA79 /* SwipePagerTests */ = {
			isa = PBXGroup;
			children = (
				5C8B34BC1AE39FF4005FAA79 /* SwipePagerTests.swift */,
				5C8B34BA1AE39FF4005FAA79 /* Supporting Files */,
			);
			path = SwipePagerTests;
			sourceTree = "<group>";
		};
		5C8B34BA1AE39FF4005FAA79 /* Supporting Files */ = {
			isa = PBXGroup;
			children = (
				5C8B34BB1AE39FF4005FAA79 /* Info.plist */,
			);
			name = "Supporting Files";
			sourceTree = "<group>";
		};
		5C8B34C61AE3A2EC005FAA79 /* Source */ = {
			isa = PBXGroup;
			children = (
				5C8B34C71AE3A326005FAA79 /* SwipePager.swift */,
			);
			name = Source;
			path = ../Source;
			sourceTree = "<group>";
		};
/* End PBXGroup section */

/* Begin PBXNativeTarget section */
		5C8B34A01AE39FF4005FAA79 /* SwipePager */ = {
			isa = PBXNativeTarget;
			buildConfigurationList = 5C8B34C01AE39FF4005FAA79 /* Build configuration list for PBXNativeTarget "SwipePager" */;
			buildPhases = (
				5C8B349D1AE39FF4005FAA79 /* Sources */,
				5C8B349E1AE39FF4005FAA79 /* Frameworks */,
				5C8B349F1AE39FF4005FAA79 /* Resources */,
			);
			buildRules = (
			);
			dependencies = (
			);
			name = SwipePager;
			productName = SwipePager;
			productReference = 5C8B34A11AE39FF4005FAA79 /* SwipePager.app */;
			productType = "com.apple.product-type.application";
		};
		5C8B34B51AE39FF4005FAA79 /* SwipePagerTests */ = {
			isa = PBXNativeTarget;
			buildConfigurationList = 5C8B34C31AE39FF4005FAA79 /* Build configuration list for PBXNativeTarget "SwipePagerTests" */;
			buildPhases = (
				5C8B34B21AE39FF4005FAA79 /* Sources */,
				5C8B34B31AE39FF4005FAA79 /* Frameworks */,
				5C8B34B41AE39FF4005FAA79 /* Resources */,
			);
			buildRules = (
			);
			dependencies = (
				5C8B34B81AE39FF4005FAA79 /* PBXTargetDependency */,
			);
			name = SwipePagerTests;
			productName = SwipePagerTests;
			productReference = 5C8B34B61AE39FF4005FAA79 /* SwipePagerTests.xctest */;
			productType = "com.apple.product-type.bundle.unit-test";
		};
/* End PBXNativeTarget section */

/* Begin PBXProject section */
		5C8B34991AE39FF4005FAA79 /* Project object */ = {
			isa = PBXProject;
			attributes = {
				LastUpgradeCheck = 0620;
				ORGANIZATIONNAME = "naoto yamaguchi";
				TargetAttributes = {
					5C8B34A01AE39FF4005FAA79 = {
						CreatedOnToolsVersion = 6.2;
					};
					5C8B34B51AE39FF4005FAA79 = {
						CreatedOnToolsVersion = 6.2;
						TestTargetID = 5C8B34A01AE39FF4005FAA79;
					};
				};
			};
			buildConfigurationList = 5C8B349C1AE39FF4005FAA79 /* Build configuration list for PBXProject "SwipePager" */;
			compatibilityVersion = "Xcode 3.2";
			developmentRegion = English;
			hasScannedForEncodings = 0;
			knownRegions = (
				en,
				Base,
			);
			mainGroup = 5C8B34981AE39FF4005FAA79;
			productRefGroup = 5C8B34A21AE39FF4005FAA79 /* Products */;
			projectDirPath = "";
			projectRoot = "";
			targets = (
				5C8B34A01AE39FF4005FAA79 /* SwipePager */,
				5C8B34B51AE39FF4005FAA79 /* SwipePagerTests */,
			);
		};
/* End PBXProject section */

/* Begin PBXResourcesBuildPhase section */
		5C8B349F1AE39FF4005FAA79 /* Resources */ = {
			isa = PBXResourcesBuildPhase;
			buildActionMask = 2147483647;
			files = (
				5C8B34AC1AE39FF4005FAA79 /* Main.storyboard in Resources */,
				5C8B34B11AE39FF4005FAA79 /* LaunchScreen.xib in Resources */,
				5C8B34AE1AE39FF4005FAA79 /* Images.xcassets in Resources */,
			);
			runOnlyForDeploymentPostprocessing = 0;
		};
		5C8B34B41AE39FF4005FAA79 /* Resources */ = {
			isa = PBXResourcesBuildPhase;
			buildActionMask = 2147483647;
			files = (
			);
			runOnlyForDeploymentPostprocessing = 0;
		};
/* End PBXResourcesBuildPhase section */

/* Begin PBXSourcesBuildPhase section */
		5C8B349D1AE39FF4005FAA79 /* Sources */ = {
			isa = PBXSourcesBuildPhase;
			buildActionMask = 2147483647;
			files = (
				5C8B34A91AE39FF4005FAA79 /* ViewController.swift in Sources */,
				5C8B34A71AE39FF4005FAA79 /* AppDelegate.swift in Sources */,
				5C8B34C81AE3A326005FAA79 /* SwipePager.swift in Sources */,
			);
			runOnlyForDeploymentPostprocessing = 0;
		};
		5C8B34B21AE39FF4005FAA79 /* Sources */ = {
			isa = PBXSourcesBuildPhase;
			buildActionMask = 2147483647;
			files = (
				5C8B34BD1AE39FF4005FAA79 /* SwipePagerTests.swift in Sources */,
			);
			runOnlyForDeploymentPostprocessing = 0;
		};
/* End PBXSourcesBuildPhase section */

/* Begin PBXTargetDependency section */
		5C8B34B81AE39FF4005FAA79 /* PBXTargetDependency */ = {
			isa = PBXTargetDependency;
			target = 5C8B34A01AE39FF4005FAA79 /* SwipePager */;
			targetProxy = 5C8B34B71AE39FF4005FAA79 /* PBXContainerItemProxy */;
		};
/* End PBXTargetDependency section */

/* Begin PBXVariantGroup section */
		5C8B34AA1AE39FF4005FAA79 /* Main.storyboard */ = {
			isa = PBXVariantGroup;
			children = (
				5C8B34AB1AE39FF4005FAA79 /* Base */,
			);
			name = Main.storyboard;
			sourceTree = "<group>";
		};
		5C8B34AF1AE39FF4005FAA79 /* LaunchScreen.xib */ = {
			isa = PBXVariantGroup;
			children = (
				5C8B34B01AE39FF4005FAA79 /* Base */,
			);
			name = LaunchScreen.xib;
			sourceTree = "<group>";
		};
/* End PBXVariantGroup section */

/* Begin XCBuildConfiguration section */
		5C8B34BE1AE39FF4005FAA79 /* Debug */ = {
			isa = XCBuildConfiguration;
			buildSettings = {
				ALWAYS_SEARCH_USER_PATHS = NO;
				CLANG_CXX_LANGUAGE_STANDARD = "gnu++0x";
				CLANG_CXX_LIBRARY = "libc++";
				CLANG_ENABLE_MODULES = YES;
				CLANG_ENABLE_OBJC_ARC = YES;
				CLANG_WARN_BOOL_CONVERSION = YES;
				CLANG_WARN_CONSTANT_CONVERSION = YES;
				CLANG_WARN_DIRECT_OBJC_ISA_USAGE = YES_ERROR;
				CLANG_WARN_EMPTY_BODY = YES;
				CLANG_WARN_ENUM_CONVERSION = YES;
				CLANG_WARN_INT_CONVERSION = YES;
				CLANG_WARN_OBJC_ROOT_CLASS = YES_ERROR;
				CLANG_WARN_UNREACHABLE_CODE = YES;
				CLANG_WARN__DUPLICATE_METHOD_MATCH = YES;
				"CODE_SIGN_IDENTITY[sdk=iphoneos*]" = "iPhone Developer";
				COPY_PHASE_STRIP = NO;
				ENABLE_STRICT_OBJC_MSGSEND = YES;
				GCC_C_LANGUAGE_STANDARD = gnu99;
				GCC_DYNAMIC_NO_PIC = NO;
				GCC_OPTIMIZATION_LEVEL = 0;
				GCC_PREPROCESSOR_DEFINITIONS = (
					"DEBUG=1",
					"$(inherited)",
				);
				GCC_SYMBOLS_PRIVATE_EXTERN = NO;
				GCC_WARN_64_TO_32_BIT_CONVERSION = YES;
				GCC_WARN_ABOUT_RETURN_TYPE = YES_ERROR;
				GCC_WARN_UNDECLARED_SELECTOR = YES;
				GCC_WARN_UNINITIALIZED_AUTOS = YES_AGGRESSIVE;
				GCC_WARN_UNUSED_FUNCTION = YES;
				GCC_WARN_UNUSED_VARIABLE = YES;
				IPHONEOS_DEPLOYMENT_TARGET = 8.2;
				MTL_ENABLE_DEBUG_INFO = YES;
				ONLY_ACTIVE_ARCH = YES;
				SDKROOT = iphoneos;
				SWIFT_OPTIMIZATION_LEVEL = "-Onone";
			};
			name = Debug;
		};
		5C8B34BF1AE39FF4005FAA79 /* Release */ = {
			isa = XCBuildConfiguration;
			buildSettings = {
				ALWAYS_SEARCH_USER_PATHS = NO;
				CLANG_CXX_LANGUAGE_STANDARD = "gnu++0x";
				CLANG_CXX_LIBRARY = "libc++";
				CLANG_ENABLE_MODULES = YES;
				CLANG_ENABLE_OBJC_ARC = YES;
				CLANG_WARN_BOOL_CONVERSION = YES;
				CLANG_WARN_CONSTANT_CONVERSION = YES;
				CLANG_WARN_DIRECT_OBJC_ISA_USAGE = YES_ERROR;
				CLANG_WARN_EMPTY_BODY = YES;
				CLANG_WARN_ENUM_CONVERSION = YES;
				CLANG_WARN_INT_CONVERSION = YES;
				CLANG_WARN_OBJC_ROOT_CLASS = YES_ERROR;
				CLANG_WARN_UNREACHABLE_CODE = YES;
				CLANG_WARN__DUPLICATE_METHOD_MATCH = YES;
				"CODE_SIGN_IDENTITY[sdk=iphoneos*]" = "iPhone Developer";
				COPY_PHASE_STRIP = NO;
				ENABLE_NS_ASSERTIONS = NO;
				ENABLE_STRICT_OBJC_MSGSEND = YES;
				GCC_C_LANGUAGE_STANDARD = gnu99;
				GCC_WARN_64_TO_32_BIT_CONVERSION = YES;
				GCC_WARN_ABOUT_RETURN_TYPE = YES_ERROR;
				GCC_WARN_UNDECLARED_SELECTOR = YES;
				GCC_WARN_UNINITIALIZED_AUTOS = YES_AGGRESSIVE;
				GCC_WARN_UNUSED_FUNCTION = YES;
				GCC_WARN_UNUSED_VARIABLE = YES;
				IPHONEOS_DEPLOYMENT_TARGET = 8.2;
				MTL_ENABLE_DEBUG_INFO = NO;
				SDKROOT = iphoneos;
				VALIDATE_PRODUCT = YES;
			};
			name = Release;
		};
		5C8B34C11AE39FF4005FAA79 /* Debug */ = {
			isa = XCBuildConfiguration;
			buildSettings = {
				ASSETCATALOG_COMPILER_APPICON_NAME = AppIcon;
				INFOPLIST_FILE = SwipePager/Info.plist;
				LD_RUNPATH_SEARCH_PATHS = "$(inherited) @executable_path/Frameworks";
				PRODUCT_NAME = "$(TARGET_NAME)";
			};
			name = Debug;
		};
		5C8B34C21AE39FF4005FAA79 /* Release */ = {
			isa = XCBuildConfiguration;
			buildSettings = {
				ASSETCATALOG_COMPILER_APPICON_NAME = AppIcon;
				INFOPLIST_FILE = SwipePager/Info.plist;
				LD_RUNPATH_SEARCH_PATHS = "$(inherited) @executable_path/Frameworks";
				PRODUCT_NAME = "$(TARGET_NAME)";
			};
			name = Release;
		};
		5C8B34C41AE39FF4005FAA79 /* Debug */ = {
			isa = XCBuildConfiguration;
			buildSettings = {
				BUNDLE_LOADER = "$(TEST_HOST)";
				FRAMEWORK_SEARCH_PATHS = (
					"$(SDKROOT)/Developer/Library/Frameworks",
					"$(inherited)",
				);
				GCC_PREPROCESSOR_DEFINITIONS = (
					"DEBUG=1",
					"$(inherited)",
				);
				INFOPLIST_FILE = SwipePagerTests/Info.plist;
				LD_RUNPATH_SEARCH_PATHS = "$(inherited) @executable_path/Frameworks @loader_path/Frameworks";
				PRODUCT_NAME = "$(TARGET_NAME)";
				TEST_HOST = "$(BUILT_PRODUCTS_DIR)/SwipePager.app/SwipePager";
			};
			name = Debug;
		};
		5C8B34C51AE39FF4005FAA79 /* Release */ = {
			isa = XCBuildConfiguration;
			buildSettings = {
				BUNDLE_LOADER = "$(TEST_HOST)";
				FRAMEWORK_SEARCH_PATHS = (
					"$(SDKROOT)/Developer/Library/Frameworks",
					"$(inherited)",
				);
				INFOPLIST_FILE = SwipePagerTests/Info.plist;
				LD_RUNPATH_SEARCH_PATHS = "$(inherited) @executable_path/Frameworks @loader_path/Frameworks";
				PRODUCT_NAME = "$(TARGET_NAME)";
				TEST_HOST = "$(BUILT_PRODUCTS_DIR)/SwipePager.app/SwipePager";
			};
			name = Release;
		};
/* End XCBuildConfiguration section */

/* Begin XCConfigurationList section */
		5C8B349C1AE39FF4005FAA79 /* Build configuration list for PBXProject "SwipePager" */ = {
			isa = XCConfigurationList;
			buildConfigurations = (
				5C8B34BE1AE39FF4005FAA79 /* Debug */,
				5C8B34BF1AE39FF4005FAA79 /* Release */,
			);
			defaultConfigurationIsVisible = 0;
			defaultConfigurationName = Release;
		};
		5C8B34C01AE39FF4005FAA79 /* Build configuration list for PBXNativeTarget "SwipePager" */ = {
			isa = XCConfigurationList;
			buildConfigurations = (
				5C8B34C11AE39FF4005FAA79 /* Debug */,
				5C8B34C21AE39FF4005FAA79 /* Release */,
			);
			defaultConfigurationIsVisible = 0;
			defaultConfigurationName = Release;
		};
		5C8B34C31AE39FF4005FAA79 /* Build configuration list for PBXNativeTarget "SwipePagerTests" */ = {
			isa = XCConfigurationList;
			buildConfigurations = (
				5C8B34C41AE39FF4005FAA79 /* Debug */,
				5C8B34C51AE39FF4005FAA79 /* Release */,
			);
			defaultConfigurationIsVisible = 0;
			defaultConfigurationName = Release;
		};
/* End XCConfigurationList section */
	};
	rootObject = 5C8B34991AE39FF4005FAA79 /* Project object */;
}
